{
  "name": "@soulmonk-dev/test-auto-release-npm-package",
  "version": "0.0.2",
  "lockfileVersion": 2,
  "requires": true,
  "packages": {
    "": {
      "name": "@soulmonk-dev/test-auto-release-npm-package",
      "version": "0.0.1",
      "license": "MIT",
      "engines": {
        "node": ">16.0.0"
      }
    }
  }
}
